
Microsoft Visual Studio Solution File, Format Version 12.00
# Visual Studio Version 17
VisualStudioVersion = 17.0.32112.339
MinimumVisualStudioVersion = 10.0.40219.1
Project("{FAE04EC0-301F-11D3-BF4B-00C04F79EFBC}") = "DebugPowerSupply", "DebugPowerSupply\DebugPowerSupply.csproj", "{6C4B7C55-A6AF-49D1-8843-9BB72AC4DEAC}"
EndProject
Global
	GlobalSection(SolutionConfigurationPlatforms) = preSolution
		Debug|Any CPU = Debug|Any CPU
		Release|Any CPU = Release|Any CPU
	EndGlobalSection
	GlobalSection(ProjectConfigurationPlatforms) = postSolution
		{6C4B7C55-A6AF-49D1-8843-9BB72AC4DEAC}.Debug|Any CPU.ActiveCfg = Debug|Any CPU
		{6C4B7C55-A6AF-49D1-8843-9BB72AC4DEAC}.Debug|Any CPU.Build.0 = Debug|Any CPU
		{6C4B7C55-A6AF-49D1-8843-9BB72AC4DEAC}.Release|Any CPU.ActiveCfg = Release|Any CPU
		{6C4B7C55-A6AF-49D1-8843-9BB72AC4DEAC}.Release|Any CPU.Build.0 = Release|Any CPU
	EndGlobalSection
	GlobalSection(SolutionProperties) = preSolution
		HideSolutionNode = FALSE
	EndGlobalSection
	GlobalSection(ExtensibilityGlobals) = postSolution
		SolutionGuid = {B880E318-D2B2-4A71-8E14-D98405143C49}
	EndGlobalSection
EndGlobal
